// !$*UTF8*$!
{
	archiveVersion = 1;
	classes = {
	};
	objectVersion = 56;
	objects = {

/* Begin PBXBuildFile section */
		D9121B262BE5CE6F007FC3A4 /* ReminderSelectionView.swift in Sources */ = {isa = PBXBuildFile; fileRef = D9121B252BE5CE6F007FC3A4 /* ReminderSelectionView.swift */; };
		D9121B282BE5DFFA007FC3A4 /* Prompt.swift in Sources */ = {isa = PBXBuildFile; fileRef = D9121B272BE5DFFA007FC3A4 /* Prompt.swift */; };
		D9121B2E2BE66469007FC3A4 /* HomePage.swift in Sources */ = {isa = PBXBuildFile; fileRef = D9121B2D2BE66469007FC3A4 /* HomePage.swift */; };
		D9121B302BE66714007FC3A4 /* UploadTextView.swift in Sources */ = {isa = PBXBuildFile; fileRef = D9121B2F2BE66714007FC3A4 /* UploadTextView.swift */; };
		D9121B322BE66AAE007FC3A4 /* Helper.swift in Sources */ = {isa = PBXBuildFile; fileRef = D9121B312BE66AAE007FC3A4 /* Helper.swift */; };
		D9121B352BE728AF007FC3A4 /* Types.swift in Sources */ = {isa = PBXBuildFile; fileRef = D9121B342BE728AF007FC3A4 /* Types.swift */; };
		D9559B5F2BE4C13F002BF47C /* QuickReminderApp.swift in Sources */ = {isa = PBXBuildFile; fileRef = D9559B5E2BE4C13F002BF47C /* QuickReminderApp.swift */; };
		D9559B612BE4C13F002BF47C /* UploadImageView.swift in Sources */ = {isa = PBXBuildFile; fileRef = D9559B602BE4C13F002BF47C /* UploadImageView.swift */; };
		D9559B632BE4C141002BF47C /* Assets.xcassets in Resources */ = {isa = PBXBuildFile; fileRef = D9559B622BE4C141002BF47C /* Assets.xcassets */; };
		D9559B662BE4C141002BF47C /* Preview Assets.xcassets in Resources */ = {isa = PBXBuildFile; fileRef = D9559B652BE4C141002BF47C /* Preview Assets.xcassets */; };
		D9559B6D2BE4C9B4002BF47C /* ImagePicker.swift in Sources */ = {isa = PBXBuildFile; fileRef = D9559B6C2BE4C9B3002BF47C /* ImagePicker.swift */; };
		D9559B712BE4E2DB002BF47C /* OCRController.swift in Sources */ = {isa = PBXBuildFile; fileRef = D9559B702BE4E2DB002BF47C /* OCRController.swift */; };
		D9559B8D2BE50BE1002BF47C /* ReminderManager.swift in Sources */ = {isa = PBXBuildFile; fileRef = D9559B8C2BE50BE1002BF47C /* ReminderManager.swift */; };
		D9559B8F2BE50E0C002BF47C /* ReminderService.swift in Sources */ = {isa = PBXBuildFile; fileRef = D9559B8E2BE50E0C002BF47C /* ReminderService.swift */; };
/* End PBXBuildFile section */

/* Begin PBXFileReference section */
		D9121B252BE5CE6F007FC3A4 /* ReminderSelectionView.swift */ = {isa = PBXFileReference; lastKnownFileType = sourcecode.swift; path = ReminderSelectionView.swift; sourceTree = "<group>"; };
		D9121B272BE5DFFA007FC3A4 /* Prompt.swift */ = {isa = PBXFileReference; lastKnownFileType = sourcecode.swift; path = Prompt.swift; sourceTree = "<group>"; };
		D9121B2D2BE66469007FC3A4 /* HomePage.swift */ = {isa = PBXFileReference; lastKnownFileType = sourcecode.swift; path = HomePage.swift; sourceTree = "<group>"; };
		D9121B2F2BE66714007FC3A4 /* UploadTextView.swift */ = {isa = PBXFileReference; lastKnownFileType = sourcecode.swift; path = UploadTextView.swift; sourceTree = "<group>"; };
		D9121B312BE66AAE007FC3A4 /* Helper.swift */ = {isa = PBXFileReference; lastKnownFileType = sourcecode.swift; path = Helper.swift; sourceTree = "<group>"; };
		D9121B332BE71B97007FC3A4 /* README.md */ = {isa = PBXFileReference; lastKnownFileType = net.daringfireball.markdown; path = README.md; sourceTree = "<group>"; };
		D9121B342BE728AF007FC3A4 /* Types.swift */ = {isa = PBXFileReference; lastKnownFileType = sourcecode.swift; path = Types.swift; sourceTree = "<group>"; };
		D9559B5B2BE4C13F002BF47C /* QuickReminder.app */ = {isa = PBXFileReference; explicitFileType = wrapper.application; includeInIndex = 0; path = QuickReminder.app; sourceTree = BUILT_PRODUCTS_DIR; };
		D9559B5E2BE4C13F002BF47C /* QuickReminderApp.swift */ = {isa = PBXFileReference; lastKnownFileType = sourcecode.swift; path = QuickReminderApp.swift; sourceTree = "<group>"; };
		D9559B602BE4C13F002BF47C /* UploadImageView.swift */ = {isa = PBXFileReference; lastKnownFileType = sourcecode.swift; path = UploadImageView.swift; sourceTree = "<group>"; };
		D9559B622BE4C141002BF47C /* Assets.xcassets */ = {isa = PBXFileReference; lastKnownFileType = folder.assetcatalog; path = Assets.xcassets; sourceTree = "<group>"; };
		D9559B652BE4C141002BF47C /* Preview Assets.xcassets */ = {isa = PBXFileReference; lastKnownFileType = folder.assetcatalog; path = "Preview Assets.xcassets"; sourceTree = "<group>"; };
		D9559B6C2BE4C9B3002BF47C /* ImagePicker.swift */ = {isa = PBXFileReference; lastKnownFileType = sourcecode.swift; path = ImagePicker.swift; sourceTree = "<group>"; };
		D9559B702BE4E2DB002BF47C /* OCRController.swift */ = {isa = PBXFileReference; lastKnownFileType = sourcecode.swift; path = OCRController.swift; sourceTree = "<group>"; };
		D9559B8C2BE50BE1002BF47C /* ReminderManager.swift */ = {isa = PBXFileReference; lastKnownFileType = sourcecode.swift; path = ReminderManager.swift; sourceTree = "<group>"; };
		D9559B8E2BE50E0C002BF47C /* ReminderService.swift */ = {isa = PBXFileReference; lastKnownFileType = sourcecode.swift; path = ReminderService.swift; sourceTree = "<group>"; };
		D9559B902BE5203D002BF47C /* Info.plist */ = {isa = PBXFileReference; lastKnownFileType = text.plist; path = Info.plist; sourceTree = "<group>"; };
/* End PBXFileReference section */

/* Begin PBXFrameworksBuildPhase section */
		D9559B582BE4C13F002BF47C /* Frameworks */ = {
			isa = PBXFrameworksBuildPhase;
			buildActionMask = 2147483647;
			files = (
			);
			runOnlyForDeploymentPostprocessing = 0;
		};
/* End PBXFrameworksBuildPhase section */

/* Begin PBXGroup section */
		D9121B292BE663C3007FC3A4 /* General */ = {
			isa = PBXGroup;
			children = (
				D9121B272BE5DFFA007FC3A4 /* Prompt.swift */,
				D9559B8E2BE50E0C002BF47C /* ReminderService.swift */,
				D9559B8C2BE50BE1002BF47C /* ReminderManager.swift */,
				D9121B252BE5CE6F007FC3A4 /* ReminderSelectionView.swift */,
				D9121B2D2BE66469007FC3A4 /* HomePage.swift */,
				D9121B312BE66AAE007FC3A4 /* Helper.swift */,
			);
			path = General;
			sourceTree = "<group>";
		};
		D9121B2A2BE66402007FC3A4 /* Image */ = {
			isa = PBXGroup;
			children = (
				D9559B602BE4C13F002BF47C /* UploadImageView.swift */,
				D9559B6C2BE4C9B3002BF47C /* ImagePicker.swift */,
				D9559B702BE4E2DB002BF47C /* OCRController.swift */,
			);
			path = Image;
			sourceTree = "<group>";
		};
		D9121B2B2BE6641B007FC3A4 /* Text */ = {
			isa = PBXGroup;
			children = (
				D9121B2F2BE66714007FC3A4 /* UploadTextView.swift */,
			);
			path = Text;
			sourceTree = "<group>";
		};
		D9121B2C2BE66427007FC3A4 /* Voice */ = {
			isa = PBXGroup;
			children = (
			);
			path = Voice;
			sourceTree = "<group>";
		};
		D9559B522BE4C13F002BF47C = {
			isa = PBXGroup;
			children = (
				D9121B332BE71B97007FC3A4 /* README.md */,
				D9559B5D2BE4C13F002BF47C /* QuickReminder */,
				D9559B5C2BE4C13F002BF47C /* Products */,
			);
			sourceTree = "<group>";
		};
		D9559B5C2BE4C13F002BF47C /* Products */ = {
			isa = PBXGroup;
			children = (
				D9559B5B2BE4C13F002BF47C /* QuickReminder.app */,
			);
			name = Products;
			sourceTree = "<group>";
		};
		D9559B5D2BE4C13F002BF47C /* QuickReminder */ = {
			isa = PBXGroup;
			children = (
				D9121B342BE728AF007FC3A4 /* Types.swift */,
				D9121B2C2BE66427007FC3A4 /* Voice */,
				D9121B2B2BE6641B007FC3A4 /* Text */,
				D9121B2A2BE66402007FC3A4 /* Image */,
				D9121B292BE663C3007FC3A4 /* General */,
				D9559B902BE5203D002BF47C /* Info.plist */,
				D9559B5E2BE4C13F002BF47C /* QuickReminderApp.swift */,
				D9559B622BE4C141002BF47C /* Assets.xcassets */,
				D9559B642BE4C141002BF47C /* Preview Content */,
			);
			path = QuickReminder;
			sourceTree = "<group>";
		};
		D9559B642BE4C141002BF47C /* Preview Content */ = {
			isa = PBXGroup;
			children = (
				D9559B652BE4C141002BF47C /* Preview Assets.xcassets */,
			);
			path = "Preview Content";
			sourceTree = "<group>";
		};
/* End PBXGroup section */

/* Begin PBXNativeTarget section */
		D9559B5A2BE4C13F002BF47C /* QuickReminder */ = {
			isa = PBXNativeTarget;
			buildConfigurationList = D9559B692BE4C141002BF47C /* Build configuration list for PBXNativeTarget "QuickReminder" */;
			buildPhases = (
				D9559B572BE4C13F002BF47C /* Sources */,
				D9559B582BE4C13F002BF47C /* Frameworks */,
				D9559B592BE4C13F002BF47C /* Resources */,
			);
			buildRules = (
			);
			dependencies = (
			);
			name = QuickReminder;
			productName = QuickReminder;
			productReference = D9559B5B2BE4C13F002BF47C /* QuickReminder.app */;
			productType = "com.apple.product-type.application";
		};
/* End PBXNativeTarget section */

/* Begin PBXProject section */
		D9559B532BE4C13F002BF47C /* Project object */ = {
			isa = PBXProject;
			attributes = {
				BuildIndependentTargetsInParallel = 1;
				LastSwiftUpdateCheck = 1530;
				LastUpgradeCheck = 1530;
				TargetAttributes = {
					D9559B5A2BE4C13F002BF47C = {
						CreatedOnToolsVersion = 15.3;
					};
				};
			};
			buildConfigurationList = D9559B562BE4C13F002BF47C /* Build configuration list for PBXProject "QuickReminder" */;
			compatibilityVersion = "Xcode 14.0";
			developmentRegion = en;
			hasScannedForEncodings = 0;
			knownRegions = (
				en,
				Base,
			);
			mainGroup = D9559B522BE4C13F002BF47C;
			productRefGroup = D9559B5C2BE4C13F002BF47C /* Products */;
			projectDirPath = "";
			projectRoot = "";
			targets = (
				D9559B5A2BE4C13F002BF47C /* QuickReminder */,
			);
		};
/* End PBXProject section */

/* Begin PBXResourcesBuildPhase section */
		D9559B592BE4C13F002BF47C /* Resources */ = {
			isa = PBXResourcesBuildPhase;
			buildActionMask = 2147483647;
			files = (
				D9559B662BE4C141002BF47C /* Preview Assets.xcassets in Resources */,
				D9559B632BE4C141002BF47C /* Assets.xcassets in Resources */,
			);
			runOnlyForDeploymentPostprocessing = 0;
		};
/* End PBXResourcesBuildPhase section */

/* Begin PBXSourcesBuildPhase section */
		D9559B572BE4C13F002BF47C /* Sources */ = {
			isa = PBXSourcesBuildPhase;
			buildActionMask = 2147483647;
			files = (
				D9121B322BE66AAE007FC3A4 /* Helper.swift in Sources */,
				D9121B262BE5CE6F007FC3A4 /* ReminderSelectionView.swift in Sources */,
				D9121B2E2BE66469007FC3A4 /* HomePage.swift in Sources */,
				D9121B352BE728AF007FC3A4 /* Types.swift in Sources */,
				D9121B282BE5DFFA007FC3A4 /* Prompt.swift in Sources */,
				D9559B712BE4E2DB002BF47C /* OCRController.swift in Sources */,
				D9559B8D2BE50BE1002BF47C /* ReminderManager.swift in Sources */,
				D9559B6D2BE4C9B4002BF47C /* ImagePicker.swift in Sources */,
				D9121B302BE66714007FC3A4 /* UploadTextView.swift in Sources */,
				D9559B612BE4C13F002BF47C /* UploadImageView.swift in Sources */,
				D9559B5F2BE4C13F002BF47C /* QuickReminderApp.swift in Sources */,
				D9559B8F2BE50E0C002BF47C /* ReminderService.swift in Sources */,
			);
			runOnlyForDeploymentPostprocessing = 0;
		};
/* End PBXSourcesBuildPhase section */

/* Begin XCBuildConfiguration section */
		D9559B672BE4C141002BF47C /* Debug */ = {
			isa = XCBuildConfiguration;
			buildSettings = {
				ALWAYS_SEARCH_USER_PATHS = NO;
				ASSETCATALOG_COMPILER_GENERATE_SWIFT_ASSET_SYMBOL_EXTENSIONS = YES;
				CLANG_ANALYZER_NONNULL = YES;
				CLANG_ANALYZER_NUMBER_OBJECT_CONVERSION = YES_AGGRESSIVE;
				CLANG_CXX_LANGUAGE_STANDARD = "gnu++20";
				CLANG_ENABLE_MODULES = YES;
				CLANG_ENABLE_OBJC_ARC = YES;
				CLANG_ENABLE_OBJC_WEAK = YES;
				CLANG_WARN_BLOCK_CAPTURE_AUTORELEASING = YES;
				CLANG_WARN_BOOL_CONVERSION = YES;
				CLANG_WARN_COMMA = YES;
				CLANG_WARN_CONSTANT_CONVERSION = YES;
				CLANG_WARN_DEPRECATED_OBJC_IMPLEMENTATIONS = YES;
				CLANG_WARN_DIRECT_OBJC_ISA_USAGE = YES_ERROR;
				CLANG_WARN_DOCUMENTATION_COMMENTS = YES;
				CLANG_WARN_EMPTY_BODY = YES;
				CLANG_WARN_ENUM_CONVERSION = YES;
				CLANG_WARN_INFINITE_RECURSION = YES;
				CLANG_WARN_INT_CONVERSION = YES;
				CLANG_WARN_NON_LITERAL_NULL_CONVERSION = YES;
				CLANG_WARN_OBJC_IMPLICIT_RETAIN_SELF = YES;
				CLANG_WARN_OBJC_LITERAL_CONVERSION = YES;
				CLANG_WARN_OBJC_ROOT_CLASS = YES_ERROR;
				CLANG_WARN_QUOTED_INCLUDE_IN_FRAMEWORK_HEADER = YES;
				CLANG_WARN_RANGE_LOOP_ANALYSIS = YES;
				CLANG_WARN_STRICT_PROTOTYPES = YES;
				CLANG_WARN_SUSPICIOUS_MOVE = YES;
				CLANG_WARN_UNGUARDED_AVAILABILITY = YES_AGGRESSIVE;
				CLANG_WARN_UNREACHABLE_CODE = YES;
				CLANG_WARN__DUPLICATE_METHOD_MATCH = YES;
				COPY_PHASE_STRIP = NO;
				DEBUG_INFORMATION_FORMAT = dwarf;
				ENABLE_STRICT_OBJC_MSGSEND = YES;
				ENABLE_TESTABILITY = YES;
				ENABLE_USER_SCRIPT_SANDBOXING = YES;
				GCC_C_LANGUAGE_STANDARD = gnu17;
				GCC_DYNAMIC_NO_PIC = NO;
				GCC_NO_COMMON_BLOCKS = YES;
				GCC_OPTIMIZATION_LEVEL = 0;
				GCC_PREPROCESSOR_DEFINITIONS = (
					"DEBUG=1",
					"$(inherited)",
				);
				GCC_WARN_64_TO_32_BIT_CONVERSION = YES;
				GCC_WARN_ABOUT_RETURN_TYPE = YES_ERROR;
				GCC_WARN_UNDECLARED_SELECTOR = YES;
				GCC_WARN_UNINITIALIZED_AUTOS = YES_AGGRESSIVE;
				GCC_WARN_UNUSED_FUNCTION = YES;
				GCC_WARN_UNUSED_VARIABLE = YES;
				IPHONEOS_DEPLOYMENT_TARGET = 17.4;
				LOCALIZATION_PREFERS_STRING_CATALOGS = YES;
				MTL_ENABLE_DEBUG_INFO = INCLUDE_SOURCE;
				MTL_FAST_MATH = YES;
				ONLY_ACTIVE_ARCH = YES;
				SDKROOT = iphoneos;
				SWIFT_ACTIVE_COMPILATION_CONDITIONS = "DEBUG $(inherited)";
				SWIFT_OPTIMIZATION_LEVEL = "-Onone";
			};
			name = Debug;
		};
		D9559B682BE4C141002BF47C /* Release */ = {
			isa = XCBuildConfiguration;
			buildSettings = {
				ALWAYS_SEARCH_USER_PATHS = NO;
				ASSETCATALOG_COMPILER_GENERATE_SWIFT_ASSET_SYMBOL_EXTENSIONS = YES;
				CLANG_ANALYZER_NONNULL = YES;
				CLANG_ANALYZER_NUMBER_OBJECT_CONVERSION = YES_AGGRESSIVE;
				CLANG_CXX_LANGUAGE_STANDARD = "gnu++20";
				CLANG_ENABLE_MODULES = YES;
				CLANG_ENABLE_OBJC_ARC = YES;
				CLANG_ENABLE_OBJC_WEAK = YES;
				CLANG_WARN_BLOCK_CAPTURE_AUTORELEASING = YES;
				CLANG_WARN_BOOL_CONVERSION = YES;
				CLANG_WARN_COMMA = YES;
				CLANG_WARN_CONSTANT_CONVERSION = YES;
				CLANG_WARN_DEPRECATED_OBJC_IMPLEMENTATIONS = YES;
				CLANG_WARN_DIRECT_OBJC_ISA_USAGE = YES_ERROR;
				CLANG_WARN_DOCUMENTATION_COMMENTS = YES;
				CLANG_WARN_EMPTY_BODY = YES;
				CLANG_WARN_ENUM_CONVERSION = YES;
				CLANG_WARN_INFINITE_RECURSION = YES;
				CLANG_WARN_INT_CONVERSION = YES;
				CLANG_WARN_NON_LITERAL_NULL_CONVERSION = YES;
				CLANG_WARN_OBJC_IMPLICIT_RETAIN_SELF = YES;
				CLANG_WARN_OBJC_LITERAL_CONVERSION = YES;
				CLANG_WARN_OBJC_ROOT_CLASS = YES_ERROR;
				CLANG_WARN_QUOTED_INCLUDE_IN_FRAMEWORK_HEADER = YES;
				CLANG_WARN_RANGE_LOOP_ANALYSIS = YES;
				CLANG_WARN_STRICT_PROTOTYPES = YES;
				CLANG_WARN_SUSPICIOUS_MOVE = YES;
				CLANG_WARN_UNGUARDED_AVAILABILITY = YES_AGGRESSIVE;
				CLANG_WARN_UNREACHABLE_CODE = YES;
				CLANG_WARN__DUPLICATE_METHOD_MATCH = YES;
				COPY_PHASE_STRIP = NO;
				DEBUG_INFORMATION_FORMAT = "dwarf-with-dsym";
				ENABLE_NS_ASSERTIONS = NO;
				ENABLE_STRICT_OBJC_MSGSEND = YES;
				ENABLE_USER_SCRIPT_SANDBOXING = YES;
				GCC_C_LANGUAGE_STANDARD = gnu17;
				GCC_NO_COMMON_BLOCKS = YES;
				GCC_WARN_64_TO_32_BIT_CONVERSION = YES;
				GCC_WARN_ABOUT_RETURN_TYPE = YES_ERROR;
				GCC_WARN_UNDECLARED_SELECTOR = YES;
				GCC_WARN_UNINITIALIZED_AUTOS = YES_AGGRESSIVE;
				GCC_WARN_UNUSED_FUNCTION = YES;
				GCC_WARN_UNUSED_VARIABLE = YES;
				IPHONEOS_DEPLOYMENT_TARGET = 17.4;
				LOCALIZATION_PREFERS_STRING_CATALOGS = YES;
				MTL_ENABLE_DEBUG_INFO = NO;
				MTL_FAST_MATH = YES;
				SDKROOT = iphoneos;
				SWIFT_COMPILATION_MODE = wholemodule;
				VALIDATE_PRODUCT = YES;
			};
			name = Release;
		};
		D9559B6A2BE4C141002BF47C /* Debug */ = {
			isa = XCBuildConfiguration;
			buildSettings = {
				ASSETCATALOG_COMPILER_APPICON_NAME = AppIcon;
				ASSETCATALOG_COMPILER_GLOBAL_ACCENT_COLOR_NAME = AccentColor;
				CODE_SIGN_STYLE = Automatic;
				CURRENT_PROJECT_VERSION = 1;
				DEVELOPMENT_ASSET_PATHS = "\"QuickReminder/Preview Content\"";
				DEVELOPMENT_TEAM = 57QF785334;
				ENABLE_PREVIEWS = YES;
				GENERATE_INFOPLIST_FILE = YES;
				INFOPLIST_FILE = QuickReminder/Info.plist;
				INFOPLIST_KEY_NSCalendarsUsageDescription = "This app requires access to your calendar to create and manage events.";
				INFOPLIST_KEY_NSRemindersUsageDescription = "This app requires access to your reminders to create and manage your to-do list.";
				INFOPLIST_KEY_UIApplicationSceneManifest_Generation = YES;
				INFOPLIST_KEY_UIApplicationSupportsIndirectInputEvents = YES;
				INFOPLIST_KEY_UILaunchScreen_Generation = YES;
				INFOPLIST_KEY_UISupportedInterfaceOrientations_iPad = "UIInterfaceOrientationPortrait UIInterfaceOrientationPortraitUpsideDown UIInterfaceOrientationLandscapeLeft UIInterfaceOrientationLandscapeRight";
				INFOPLIST_KEY_UISupportedInterfaceOrientations_iPhone = "UIInterfaceOrientationPortrait UIInterfaceOrientationLandscapeLeft UIInterfaceOrientationLandscapeRight";
				LD_RUNPATH_SEARCH_PATHS = (
					"$(inherited)",
					"@executable_path/Frameworks",
				);
				MARKETING_VERSION = 1.0;
				PRODUCT_BUNDLE_IDENTIFIER = com.XuanXu.QuickReminder;
				PRODUCT_NAME = "$(TARGET_NAME)";
				SWIFT_EMIT_LOC_STRINGS = YES;
				SWIFT_VERSION = 5.0;
				TARGETED_DEVICE_FAMILY = "1,2";
			};
			name = Debug;
		};
		D9559B6B2BE4C141002BF47C /* Release */ = {
			isa = XCBuildConfiguration;
			buildSettings = {
				ASSETCATALOG_COMPILER_APPICON_NAME = AppIcon;
				ASSETCATALOG_COMPILER_GLOBAL_ACCENT_COLOR_NAME = AccentColor;
				CODE_SIGN_STYLE = Automatic;
				CURRENT_PROJECT_VERSION = 1;
				DEVELOPMENT_ASSET_PATHS = "\"QuickReminder/Preview Content\"";
				DEVELOPMENT_TEAM = 57QF785334;
				ENABLE_PREVIEWS = YES;
				GENERATE_INFOPLIST_FILE = YES;
				INFOPLIST_FILE = QuickReminder/Info.plist;
				INFOPLIST_KEY_NSCalendarsUsageDescription = "This app requires access to your calendar to create and manage events.";
				INFOPLIST_KEY_NSRemindersUsageDescription = "This app requires access to your reminders to create and manage your to-do list.";
				INFOPLIST_KEY_UIApplicationSceneManifest_Generation = YES;
				INFOPLIST_KEY_UIApplicationSupportsIndirectInputEvents = YES;
				INFOPLIST_KEY_UILaunchScreen_Generation = YES;
				INFOPLIST_KEY_UISupportedInterfaceOrientations_iPad = "UIInterfaceOrientationPortrait UIInterfaceOrientationPortraitUpsideDown UIInterfaceOrientationLandscapeLeft UIInterfaceOrientationLandscapeRight";
				INFOPLIST_KEY_UISupportedInterfaceOrientations_iPhone = "UIInterfaceOrientationPortrait UIInterfaceOrientationLandscapeLeft UIInterfaceOrientationLandscapeRight";
				LD_RUNPATH_SEARCH_PATHS = (
					"$(inherited)",
					"@executable_path/Frameworks",
				);
				MARKETING_VERSION = 1.0;
				PRODUCT_BUNDLE_IDENTIFIER = com.XuanXu.QuickReminder;
				PRODUCT_NAME = "$(TARGET_NAME)";
				SWIFT_EMIT_LOC_STRINGS = YES;
				SWIFT_VERSION = 5.0;
				TARGETED_DEVICE_FAMILY = "1,2";
			};
			name = Release;
		};
/* End XCBuildConfiguration section */

/* Begin XCConfigurationList section */
		D9559B562BE4C13F002BF47C /* Build configuration list for PBXProject "QuickReminder" */ = {
			isa = XCConfigurationList;
			buildConfigurations = (
				D9559B672BE4C141002BF47C /* Debug */,
				D9559B682BE4C141002BF47C /* Release */,
			);
			defaultConfigurationIsVisible = 0;
			defaultConfigurationName = Release;
		};
		D9559B692BE4C141002BF47C /* Build configuration list for PBXNativeTarget "QuickReminder" */ = {
			isa = XCConfigurationList;
			buildConfigurations = (
				D9559B6A2BE4C141002BF47C /* Debug */,
				D9559B6B2BE4C141002BF47C /* Release */,
			);
			defaultConfigurationIsVisible = 0;
			defaultConfigurationName = Release;
		};
/* End XCConfigurationList section */
	};
	rootObject = D9559B532BE4C13F002BF47C /* Project object */;
}
